
Microsoft Visual Studio Solution File, Format Version 12.00
# Visual Studio Version 16
VisualStudioVersion = 16.0.29613.14
MinimumVisualStudioVersion = 10.0.40219.1
Project("{8BC9CEB8-8B4A-11D0-8D11-00A0C91BC942}") = "Asynchronous Programming", "Asynchronous Programming\Asynchronous Programming.vcxproj", "{68E998CC-74FA-43B8-A3C4-385E7B25CCC8}"
EndProject
Global
	GlobalSection(SolutionConfigurationPlatforms) = preSolution
		Debug|x64 = Debug|x64
		Debug|x86 = Debug|x86
		Release|x64 = Release|x64
		Release|x86 = Release|x86
	EndGlobalSection
	GlobalSection(ProjectConfigurationPlatforms) = postSolution
		{68E998CC-74FA-43B8-A3C4-385E7B25CCC8}.Debug|x64.ActiveCfg = Debug|x64
		{68E998CC-74FA-43B8-A3C4-385E7B25CCC8}.Debug|x64.Build.0 = Debug|x64
		{68E998CC-74FA-43B8-A3C4-385E7B25CCC8}.Debug|x86.ActiveCfg = Debug|Win32
		{68E998CC-74FA-43B8-A3C4-385E7B25CCC8}.Debug|x86.Build.0 = Debug|Win32
		{68E998CC-74FA-43B8-A3C4-385E7B25CCC8}.Release|x64.ActiveCfg = Release|x64
		{68E998CC-74FA-43B8-A3C4-385E7B25CCC8}.Release|x64.Build.0 = Release|x64
		{68E998CC-74FA-43B8-A3C4-385E7B25CCC8}.Release|x86.ActiveCfg = Release|Win32
		{68E998CC-74FA-43B8-A3C4-385E7B25CCC8}.Release|x86.Build.0 = Release|Win32
	EndGlobalSection
	GlobalSection(SolutionProperties) = preSolution
		HideSolutionNode = FALSE
	EndGlobalSection
	GlobalSection(ExtensibilityGlobals) = postSolution
		SolutionGuid = {1F13C8E5-3DD2-49D4-9342-1F7C578CCE9A}
	EndGlobalSection
EndGlobal
